
Microsoft Visual Studio Solution File, Format Version 12.00
# Visual Studio 15
VisualStudioVersion = 15.0.26430.14
MinimumVisualStudioVersion = 10.0.40219.1
Project("{FAE04EC0-301F-11D3-BF4B-00C04F79EFBC}") = "DesignPatternMain", "DesignPatternMain\DesignPatternMain.csproj", "{307D08F0-28CA-4129-97FD-304E6224E829}"
EndProject
Project("{FAE04EC0-301F-11D3-BF4B-00C04F79EFBC}") = "Factory", "Factory\Factory.csproj", "{23994D58-FB31-42E8-BEFB-D36AE52FC95E}"
EndProject
Project("{FAE04EC0-301F-11D3-BF4B-00C04F79EFBC}") = "AbstractFactory", "AbstractFactory\AbstractFactory.csproj", "{97A631F6-1093-4BF7-BAE4-F9E157B1C859}"
EndProject
Global
	GlobalSection(SolutionConfigurationPlatforms) = preSolution
		Debug|Any CPU = Debug|Any CPU
		Release|Any CPU = Release|Any CPU
	EndGlobalSection
	GlobalSection(ProjectConfigurationPlatforms) = postSolution
		{307D08F0-28CA-4129-97FD-304E6224E829}.Debug|Any CPU.ActiveCfg = Debug|Any CPU
		{307D08F0-28CA-4129-97FD-304E6224E829}.Debug|Any CPU.Build.0 = Debug|Any CPU
		{307D08F0-28CA-4129-97FD-304E6224E829}.Release|Any CPU.ActiveCfg = Release|Any CPU
		{307D08F0-28CA-4129-97FD-304E6224E829}.Release|Any CPU.Build.0 = Release|Any CPU
		{23994D58-FB31-42E8-BEFB-D36AE52FC95E}.Debug|Any CPU.ActiveCfg = Debug|Any CPU
		{23994D58-FB31-42E8-BEFB-D36AE52FC95E}.Debug|Any CPU.Build.0 = Debug|Any CPU
		{23994D58-FB31-42E8-BEFB-D36AE52FC95E}.Release|Any CPU.ActiveCfg = Release|Any CPU
		{23994D58-FB31-42E8-BEFB-D36AE52FC95E}.Release|Any CPU.Build.0 = Release|Any CPU
		{97A631F6-1093-4BF7-BAE4-F9E157B1C859}.Debug|Any CPU.ActiveCfg = Debug|Any CPU
		{97A631F6-1093-4BF7-BAE4-F9E157B1C859}.Debug|Any CPU.Build.0 = Debug|Any CPU
		{97A631F6-1093-4BF7-BAE4-F9E157B1C859}.Release|Any CPU.ActiveCfg = Release|Any CPU
		{97A631F6-1093-4BF7-BAE4-F9E157B1C859}.Release|Any CPU.Build.0 = Release|Any CPU
	EndGlobalSection
	GlobalSection(SolutionProperties) = preSolution
		HideSolutionNode = FALSE
	EndGlobalSection
EndGlobal
